# THIS IS AN AUTOGENERATED FILE. DO NOT EDIT THIS FILE DIRECTLY.
# yarn lockfile v1


"@posthog/plugin-scaffold@^0.12.9":
  version "0.12.9"
  resolved "https://registry.yarnpkg.com/@posthog/plugin-scaffold/-/plugin-scaffold-0.12.9.tgz#7d1e6f07ccc5d72c657ecbf004846a4a4b241bbc"
  integrity sha512-W969xOjlMrWx3kUbRP6hKD85y+UExiYhTRrgISSy0ZorH/vhErJ69a6RPGzDdlIh1Blc6JMvwLffZg1ZPdssbA==

"@types/node@^16.11.6":
  version "16.11.6"
  resolved "https://registry.yarnpkg.com/@types/node/-/node-16.11.6.tgz#6bef7a2a0ad684cf6e90fcfe31cecabd9ce0a3ae"
  integrity sha512-ua7PgUoeQFjmWPcoo9khiPum3Pd60k4/2ZGXt18sm2Slk0W0xZTqt5Y0Ny1NyBiN1EVQ/+FaF9NcY4Qe6rwk5w==
